name: celltype_bench_r
channels:
  - conda-forge
  - bioconda
  - defaults
dependencies:
  - _openmp_mutex=4.5
  - _r-mutex=1.0.1
  - argcomplete=3.7.1
  - binutils_impl_linux-64=2.46.1
  - bioconductor-annotationdbi=1.64.1
  - bioconductor-annotationhub=3.10.0
  - bioconductor-beachmat=2.18.0
  - bioconductor-biobase=2.62.0
  - bioconductor-biocfilecache=2.10.1
  - bioconductor-biocgenerics=0.48.1
  - bioconductor-biocneighbors=1.20.0
  - bioconductor-biocparallel=1.36.0
  - bioconductor-biocsingular=1.18.0
  - bioconductor-biocversion=3.18.1
  - bioconductor-biostrings=2.70.1
  - bioconductor-data-packages=20260207
  - bioconductor-delayedarray=0.28.0
  - bioconductor-delayedmatrixstats=1.24.0
  - bioconductor-experimenthub=2.10.0
  - bioconductor-genomeinfodb=1.38.1
  - bioconductor-genomeinfodbdata=1.2.11
  - bioconductor-genomicranges=1.54.1
  - bioconductor-interactivedisplaybase=1.40.0
  - bioconductor-iranges=2.36.0
  - bioconductor-keggrest=1.42.0
  - bioconductor-matrixgenerics=1.14.0
  - bioconductor-s4arrays=1.2.0
  - bioconductor-s4vectors=0.40.2
  - bioconductor-scaledmatrix=1.10.0
  - bioconductor-scuttle=1.12.0
  - bioconductor-singlecellexperiment=1.24.0
  - bioconductor-singler=2.4.0
  - bioconductor-sparsearray=1.2.2
  - bioconductor-sparsematrixstats=1.14.0
  - bioconductor-summarizedexperiment=1.32.0
  - bioconductor-xvector=0.42.0
  - bioconductor-zlibbioc=1.48.0
  - bwidget=1.10.1
  - bzip2=1.0.8
  - c-ares=1.34.8
  - ca-certificates=2026.7.22
  - cairo=1.18.4
  - curl=8.21.0
  - font-ttf-dejavu-sans-mono=2.37
  - font-ttf-inconsolata=3.000
  - font-ttf-source-code-pro=2.038
  - font-ttf-ubuntu=0.83
  - fontconfig=2.18.2
  - fonts-conda-ecosystem=1
  - fonts-conda-forge=1
  - freetype=2.14.3
  - fribidi=1.0.16
  - gcc_impl_linux-64=16.1.0
  - gfortran_impl_linux-64=16.1.0
  - graphite2=1.3.15
  - gsl=2.7
  - gxx_impl_linux-64=16.1.0
  - harfbuzz=12.2.0
  - icu=75.1
  - jq=1.8.2
  - kernel-headers_linux-64=6.12.0
  - keyutils=1.6.3
  - krb5=1.22.2
  - ld_impl_linux-64=2.46.1
  - lerc=4.2.0
  - libblas=3.11.0
  - libcblas=3.11.0
  - libcurl=8.21.0
  - libdeflate=1.25
  - libedit=3.1.20250104
  - libev=4.33
  - libexpat=2.8.1
  - libffi=3.5.2
  - libfreetype=2.14.3
  - libfreetype6=2.14.3
  - libgcc=16.1.0
  - libgcc-devel_linux-64=16.1.0
  - libgcc-ng=16.1.0
  - libgfortran=16.1.0
  - libgfortran-ng=16.1.0
  - libgfortran5=16.1.0
  - libglib=2.88.3
  - libgomp=16.1.0
  - libiconv=1.18
  - libjpeg-turbo=3.2.0
  - liblapack=3.11.0
  - liblzma=5.8.3
  - libmpdec=4.0.0
  - libnghttp2=1.68.1
  - libopenblas=0.3.33
  - libpng=1.6.58
  - libsanitizer=16.1.0
  - libsodium=1.0.22
  - libsqlite=3.53.4
  - libssh2=1.11.1
  - libstdcxx=16.1.0
  - libstdcxx-devel_linux-64=16.1.0
  - libstdcxx-ng=16.1.0
  - libtiff=4.7.2
  - libuuid=2.42.2
  - libuv=1.52.1
  - libwebp-base=1.6.0
  - libxcb=1.17.0
  - libxml2=2.13.9
  - libzlib=1.3.2
  - make=4.4.1
  - ncurses=6.6
  - oniguruma=6.9.10
  - openssl=3.6.3
  - pandoc=3.10.1
  - pango=1.56.4
  - pcre2=10.47
  - pixman=0.46.4
  - pthread-stubs=0.4
  - python=3.14.6
  - python_abi=3.14
  - pyyaml=6.0.3
  - r-abind=1.4_5
  - r-askpass=1.2.1
  - r-base=4.3.3
  - r-base64enc=0.1_3
  - r-bh=1.87.0_1
  - r-biocmanager=1.30.26
  - r-bit=4.6.0
  - r-bit64=4.6.0_1
  - r-bitops=1.0_9
  - r-blob=1.2.4
  - r-bslib=0.9.0
  - r-cachem=1.1.0
  - r-cli=3.6.5
  - r-codetools=0.2_20
  - r-colorspace=2.1_1
  - r-commonmark=2.0.0
  - r-cpp11=0.5.2
  - r-crayon=1.5.3
  - r-crosstalk=1.2.2
  - r-curl=7.0.0
  - r-data.table=1.17.8
  - r-dbi=1.2.3
  - r-dbplyr=2.5.1
  - r-digest=0.6.37
  - r-dplyr=1.1.4
  - r-dt=0.34.0
  - r-ellipsis=0.3.2
  - r-evaluate=1.0.5
  - r-fansi=1.0.6
  - r-farver=2.1.2
  - r-fastmap=1.2.0
  - r-filelock=1.0.3
  - r-fontawesome=0.5.3
  - r-formatr=1.14
  - r-fs=1.6.6
  - r-futile.logger=1.4.3
  - r-futile.options=1.0.1
  - r-generics=0.1.4
  - r-getopt=1.20.4
  - r-ggplot2=3.5.2
  - r-glue=1.8.0
  - r-gtable=0.3.6
  - r-highr=0.11
  - r-htmltools=0.5.8.1
  - r-htmlwidgets=1.6.4
  - r-httpuv=1.6.16
  - r-httr=1.4.7
  - r-irdisplay=1.1
  - r-irkernel=1.3.2
  - r-irlba=2.3.5.1
  - r-isoband=0.2.7
  - r-jquerylib=0.1.4
  - r-jsonlite=2.0.0
  - r-knitr=1.50
  - r-labeling=0.4.3
  - r-lambda.r=1.2.4
  - r-later=1.4.4
  - r-lattice=0.22_7
  - r-lazyeval=0.2.2
  - r-lifecycle=1.0.4
  - r-magrittr=2.0.3
  - r-mass=7.3_60.0.1
  - r-matrix=1.6_5
  - r-matrixstats=1.5.0
  - r-memoise=2.0.1
  - r-mgcv=1.9_3
  - r-mime=0.13
  - r-munsell=0.5.1
  - r-nlme=3.1_168
  - r-openssl=2.3.3
  - r-optparse=1.7.5
  - r-pbdzmq=0.3_14
  - r-pillar=1.11.0
  - r-pkgconfig=2.0.3
  - r-plogr=0.2.0
  - r-png=0.1_8
  - r-promises=1.3.3
  - r-purrr=1.1.0
  - r-r6=2.6.1
  - r-rappdirs=0.3.3
  - r-rcolorbrewer=1.1_3
  - r-rcpp=1.1.0
  - r-rcpphnsw=0.6.0
  - r-rcurl=1.98_1.17
  - r-repr=1.1.7
  - r-rlang=1.1.6
  - r-rmarkdown=2.29
  - r-rsqlite=2.4.3
  - r-rsvd=1.0.5
  - r-sass=0.4.10
  - r-scales=1.4.0
  - r-shiny=1.11.1
  - r-snow=0.4_4
  - r-sourcetools=0.1.7_1
  - r-stringi=1.8.7
  - r-stringr=1.5.2
  - r-sys=3.4.3
  - r-tibble=3.3.0
  - r-tidyr=1.3.1
  - r-tidyselect=1.2.1
  - r-tinytex=0.57
  - r-utf8=1.2.6
  - r-uuid=1.2_1
  - r-vctrs=0.6.5
  - r-viridislite=0.4.2
  - r-withr=3.0.2
  - r-xfun=0.53
  - r-xtable=1.8_4
  - r-yaml=2.3.10
  - readline=8.3
  - sed=4.10
  - sysroot_linux-64=2.39
  - tapi=1600.0.11.8
  - tk=8.6.13
  - tktable=2.10
  - tomlkit=0.15.1
  - tzdata=2026c
  - xmltodict=1.0.4
  - xorg-libice=1.1.2
  - xorg-libsm=1.2.6
  - xorg-libx11=1.8.13
  - xorg-libxau=1.0.12
  - xorg-libxdmcp=1.1.5
  - xorg-libxext=1.3.7
  - xorg-libxrender=0.9.12
  - xorg-libxt=1.3.1
  - yaml=0.2.5
  - yq=4.1.2
  - zeromq=4.3.5
  - zstd=1.5.7
prefix: /mnt/nvme2tb/conda/envs/celltype_bench_r
